{
  "name": "sk-essentials-test",
  "version": "2.0.0",
  "lockfileVersion": 2,
  "requires": true,
  "packages": {
    "": {
      "name": "sk-essentials-test",
      "version": "2.0.0",
      "license": "ISC",
      "dependencies": {
        "sk-essentials": "^2.0.0"
      }
    },
    "node_modules/sk-essentials": {
      "version": "2.0.2",
      "resolved": "https://registry.npmjs.org/sk-essentials/-/sk-essentials-2.0.2.tgz",
      "integrity": "sha512-pcw9wB/n6Mc+xhOtsA3FxxTIrwC9Tw2R2F3wggy8dBFmbTPXQzgcWHMUOwkvL1qSC6L6h3Mvhq9XPv3/bVeIJw=="
    }
  },
  "dependencies": {
    "sk-essentials": {
      "version": "2.0.2",
      "resolved": "https://registry.npmjs.org/sk-essentials/-/sk-essentials-2.0.2.tgz",
      "integrity": "sha512-pcw9wB/n6Mc+xhOtsA3FxxTIrwC9Tw2R2F3wggy8dBFmbTPXQzgcWHMUOwkvL1qSC6L6h3Mvhq9XPv3/bVeIJw=="
    }
  }
}
